
Microsoft Visual Studio Solution File, Format Version 12.00
# Visual Studio Version 16
VisualStudioVersion = 16.0.31515.178
MinimumVisualStudioVersion = 10.0.40219.1
Project("{8BC9CEB8-8B4A-11D0-8D11-00A0C91BC942}") = "Hello", "Hello\Hello.vcxproj", "{CC837154-62A9-454E-BC06-ADCF3BC40098}"
EndProject
Project("{8BC9CEB8-8B4A-11D0-8D11-00A0C91BC942}") = "DataType", "DataType\DataType.vcxproj", "{3429E503-914E-4D84-B201-81BE2575ADED}"
EndProject
Project("{8BC9CEB8-8B4A-11D0-8D11-00A0C91BC942}") = "gugudan", "gugudan\gugudan.vcxproj", "{7214D59D-7DBC-4DCC-A99F-1F6B6DF6E612}"
EndProject
Project("{8BC9CEB8-8B4A-11D0-8D11-00A0C91BC942}") = "FuncTest", "FuncTest\FuncTest.vcxproj", "{0FAE04D8-0EB1-476E-827E-8F1E897EB057}"
EndProject
Project("{8BC9CEB8-8B4A-11D0-8D11-00A0C91BC942}") = "ArrayTest", "ArrayTest\ArrayTest.vcxproj", "{8324E99A-543B-40D2-A654-E7F10891C26E}"
EndProject
Global
	GlobalSection(SolutionConfigurationPlatforms) = preSolution
		Debug|x64 = Debug|x64
		Debug|x86 = Debug|x86
		Release|x64 = Release|x64
		Release|x86 = Release|x86
	EndGlobalSection
	GlobalSection(ProjectConfigurationPlatforms) = postSolution
		{CC837154-62A9-454E-BC06-ADCF3BC40098}.Debug|x64.ActiveCfg = Debug|x64
		{CC837154-62A9-454E-BC06-ADCF3BC40098}.Debug|x64.Build.0 = Debug|x64
		{CC837154-62A9-454E-BC06-ADCF3BC40098}.Debug|x86.ActiveCfg = Debug|Win32
		{CC837154-62A9-454E-BC06-ADCF3BC40098}.Debug|x86.Build.0 = Debug|Win32
		{CC837154-62A9-454E-BC06-ADCF3BC40098}.Release|x64.ActiveCfg = Release|x64
		{CC837154-62A9-454E-BC06-ADCF3BC40098}.Release|x64.Build.0 = Release|x64
		{CC837154-62A9-454E-BC06-ADCF3BC40098}.Release|x86.ActiveCfg = Release|Win32
		{CC837154-62A9-454E-BC06-ADCF3BC40098}.Release|x86.Build.0 = Release|Win32
		{3429E503-914E-4D84-B201-81BE2575ADED}.Debug|x64.ActiveCfg = Debug|x64
		{3429E503-914E-4D84-B201-81BE2575ADED}.Debug|x64.Build.0 = Debug|x64
		{3429E503-914E-4D84-B201-81BE2575ADED}.Debug|x86.ActiveCfg = Debug|Win32
		{3429E503-914E-4D84-B201-81BE2575ADED}.Debug|x86.Build.0 = Debug|Win32
		{3429E503-914E-4D84-B201-81BE2575ADED}.Release|x64.ActiveCfg = Release|x64
		{3429E503-914E-4D84-B201-81BE2575ADED}.Release|x64.Build.0 = Release|x64
		{3429E503-914E-4D84-B201-81BE2575ADED}.Release|x86.ActiveCfg = Release|Win32
		{3429E503-914E-4D84-B201-81BE2575ADED}.Release|x86.Build.0 = Release|Win32
		{7214D59D-7DBC-4DCC-A99F-1F6B6DF6E612}.Debug|x64.ActiveCfg = Debug|x64
		{7214D59D-7DBC-4DCC-A99F-1F6B6DF6E612}.Debug|x64.Build.0 = Debug|x64
		{7214D59D-7DBC-4DCC-A99F-1F6B6DF6E612}.Debug|x86.ActiveCfg = Debug|Win32
		{7214D59D-7DBC-4DCC-A99F-1F6B6DF6E612}.Debug|x86.Build.0 = Debug|Win32
		{7214D59D-7DBC-4DCC-A99F-1F6B6DF6E612}.Release|x64.ActiveCfg = Release|x64
		{7214D59D-7DBC-4DCC-A99F-1F6B6DF6E612}.Release|x64.Build.0 = Release|x64
		{7214D59D-7DBC-4DCC-A99F-1F6B6DF6E612}.Release|x86.ActiveCfg = Release|Win32
		{7214D59D-7DBC-4DCC-A99F-1F6B6DF6E612}.Release|x86.Build.0 = Release|Win32
		{0FAE04D8-0EB1-476E-827E-8F1E897EB057}.Debug|x64.ActiveCfg = Debug|x64
		{0FAE04D8-0EB1-476E-827E-8F1E897EB057}.Debug|x64.Build.0 = Debug|x64
		{0FAE04D8-0EB1-476E-827E-8F1E897EB057}.Debug|x86.ActiveCfg = Debug|Win32
		{0FAE04D8-0EB1-476E-827E-8F1E897EB057}.Debug|x86.Build.0 = Debug|Win32
		{0FAE04D8-0EB1-476E-827E-8F1E897EB057}.Release|x64.ActiveCfg = Release|x64
		{0FAE04D8-0EB1-476E-827E-8F1E897EB057}.Release|x64.Build.0 = Release|x64
		{0FAE04D8-0EB1-476E-827E-8F1E897EB057}.Release|x86.ActiveCfg = Release|Win32
		{0FAE04D8-0EB1-476E-827E-8F1E897EB057}.Release|x86.Build.0 = Release|Win32
		{8324E99A-543B-40D2-A654-E7F10891C26E}.Debug|x64.ActiveCfg = Debug|x64
		{8324E99A-543B-40D2-A654-E7F10891C26E}.Debug|x64.Build.0 = Debug|x64
		{8324E99A-543B-40D2-A654-E7F10891C26E}.Debug|x86.ActiveCfg = Debug|Win32
		{8324E99A-543B-40D2-A654-E7F10891C26E}.Debug|x86.Build.0 = Debug|Win32
		{8324E99A-543B-40D2-A654-E7F10891C26E}.Release|x64.ActiveCfg = Release|x64
		{8324E99A-543B-40D2-A654-E7F10891C26E}.Release|x64.Build.0 = Release|x64
		{8324E99A-543B-40D2-A654-E7F10891C26E}.Release|x86.ActiveCfg = Release|Win32
		{8324E99A-543B-40D2-A654-E7F10891C26E}.Release|x86.Build.0 = Release|Win32
	EndGlobalSection
	GlobalSection(SolutionProperties) = preSolution
		HideSolutionNode = FALSE
	EndGlobalSection
	GlobalSection(ExtensibilityGlobals) = postSolution
		SolutionGuid = {A187A43E-21FE-4175-B330-07CD282E0A14}
	EndGlobalSection
EndGlobal
